
Microsoft Visual Studio Solution File, Format Version 12.00
# Visual Studio Version 17
VisualStudioVersion = 17.10.35027.167
MinimumVisualStudioVersion = 10.0.40219.1
Project("{FAE04EC0-301F-11D3-BF4B-00C04F79EFBC}") = "AppSnacks", "AppSnacks.csproj", "{5661C376-5C21-4538-9EC3-A93B44C28945}"
EndProject
Global
	GlobalSection(SolutionConfigurationPlatforms) = preSolution
		Debug|Any CPU = Debug|Any CPU
		Release|Any CPU = Release|Any CPU
	EndGlobalSection
	GlobalSection(ProjectConfigurationPlatforms) = postSolution
		{5661C376-5C21-4538-9EC3-A93B44C28945}.Debug|Any CPU.ActiveCfg = Debug|Any CPU
		{5661C376-5C21-4538-9EC3-A93B44C28945}.Debug|Any CPU.Build.0 = Debug|Any CPU
		{5661C376-5C21-4538-9EC3-A93B44C28945}.Debug|Any CPU.Deploy.0 = Debug|Any CPU
		{5661C376-5C21-4538-9EC3-A93B44C28945}.Release|Any CPU.ActiveCfg = Release|Any CPU
		{5661C376-5C21-4538-9EC3-A93B44C28945}.Release|Any CPU.Build.0 = Release|Any CPU
		{5661C376-5C21-4538-9EC3-A93B44C28945}.Release|Any CPU.Deploy.0 = Release|Any CPU
	EndGlobalSection
	GlobalSection(SolutionProperties) = preSolution
		HideSolutionNode = FALSE
	EndGlobalSection
	GlobalSection(ExtensibilityGlobals) = postSolution
		SolutionGuid = {CE3DBE51-6D0C-4F83-9EFC-A2592BA16FEF}
	EndGlobalSection
EndGlobal
